
Microsoft Visual Studio Solution File, Format Version 12.00
# Visual Studio Version 16
VisualStudioVersion = 16.0.29519.181
MinimumVisualStudioVersion = 10.0.40219.1
Project("{FAE04EC0-301F-11D3-BF4B-00C04F79EFBC}") = "NewInCore3", "NewInCore3\NewInCore3.csproj", "{17B5DADA-891B-459B-BC60-A6BB5844A950}"
EndProject
Global
	GlobalSection(SolutionConfigurationPlatforms) = preSolution
		Debug|Any CPU = Debug|Any CPU
		Release|Any CPU = Release|Any CPU
	EndGlobalSection
	GlobalSection(ProjectConfigurationPlatforms) = postSolution
		{17B5DADA-891B-459B-BC60-A6BB5844A950}.Debug|Any CPU.ActiveCfg = Debug|Any CPU
		{17B5DADA-891B-459B-BC60-A6BB5844A950}.Debug|Any CPU.Build.0 = Debug|Any CPU
		{17B5DADA-891B-459B-BC60-A6BB5844A950}.Release|Any CPU.ActiveCfg = Release|Any CPU
		{17B5DADA-891B-459B-BC60-A6BB5844A950}.Release|Any CPU.Build.0 = Release|Any CPU
	EndGlobalSection
	GlobalSection(SolutionProperties) = preSolution
		HideSolutionNode = FALSE
	EndGlobalSection
	GlobalSection(ExtensibilityGlobals) = postSolution
		SolutionGuid = {C07605C4-6528-4CA7-81F9-2BEA8B5F0740}
	EndGlobalSection
EndGlobal
